{
  "originHash" : "53903b86839844f0235d6409aeff93ce3322d067fe255f83676414c60e9c1cd7",
  "pins" : [
    {
      "identity" : "swift-ai-model-retriever",
      "kind" : "remoteSourceControl",
      "location" : "https://github.com/kevinhermawan/swift-ai-model-retriever.git",
      "state" : {
        "branch" : "main",
        "revision" : "585de8246341cf0b715357ecfd57c20aea52545c"
      }
    },
    {
      "identity" : "swift-json-schema",
      "kind" : "remoteSourceControl",
      "location" : "https://github.com/kevinhermawan/swift-json-schema.git",
      "state" : {
        "revision" : "48cade5fb09c6fdc86adcf9af7e43a2c7582a65a",
        "version" : "1.0.3"
      }
    }
  ],
  "version" : 3
}
